<?xml version="1.0" encoding="utf-8"?>
<Project ToolsVersion="4.0" xmlns="http://schemas.microsoft.com/developer/msbuild/2003">
  <ItemGroup>
    <Filter Include="Source Files">
      <UniqueIdentifier>{4FC737F1-C7A5-4376-A066-2A32D752A2FF}</UniqueIdentifier>
      <Extensions>cpp;c;cc;cxx;c++;cppm;ixx;def;odl;idl;hpj;bat;asm;asmx</Extensions>
    </Filter>
    <Filter Include="Resource Files">
      <UniqueIdentifier>{67DA6AB6-F800-4c08-8B7A-83BB121AAD01}</UniqueIdentifier>
      <Extensions>rc;ico;cur;bmp;dlg;rc2;rct;bin;rgs;gif;jpg;jpeg;jpe;resx;tiff;tif;png;wav;mfcribbon-ms</Extensions>
    </Filter>
    <Filter Include="Scenes">
      <UniqueIdentifier>{c9f98213-9e84-4f2e-9d3c-ecafaae5a78e}</UniqueIdentifier>
    </Filter>
    <Filter Include="Scripts">
      <UniqueIdentifier>{d621409b-ec2b-4e2e-8af5-637a2e6339fd}</UniqueIdentifier>
    </Filter>
    <Filter Include="Helpers">
      <UniqueIdentifier>{0fa97a77-89bb-4708-bee9-a4d2f151a164}</UniqueIdentifier>
    </Filter>
    <Filter Include="structs">
      <UniqueIdentifier>{039091cd-4a1c-4021-95aa-f3ba8c4b4b78}</UniqueIdentifier>
    </Filter>
    <Filter Include="Observers">
      <UniqueIdentifier>{94422565-aec9-4cc7-9dfa-26a059f4e147}</UniqueIdentifier>
    </Filter>
    <Filter Include="Components">
      <UniqueIdentifier>{4d559441-5832-470c-a2e5-01f34637e690}</UniqueIdentifier>
    </Filter>
  </ItemGroup>
  <ItemGroup>
    <ClCompile Include="Main.cpp">
      <Filter>Source Files</Filter>
    </ClCompile>
    <ClCompile Include="Game.cpp">
      <Filter>Source Files</Filter>
    </ClCompile>
    <ClCompile Include="MainMenuScene.cpp">
      <Filter>Scenes</Filter>
    </ClCompile>
    <ClCompile Include="GameScene.cpp">
      <Filter>Scenes</Filter>
    </ClCompile>
    <ClCompile Include="GameArena.cpp">
      <Filter>Scripts</Filter>
    </ClCompile>
    <ClCompile Include="JsonParser.cpp">
      <Filter>Helpers</Filter>
    </ClCompile>
    <ClCompile Include="ArenaTile.cpp">
      <Filter>Scripts</Filter>
    </ClCompile>
    <ClCompile Include="QBert.cpp">
      <Filter>Scripts</Filter>
    </ClCompile>
    <ClCompile Include="FlyingDisc.cpp">
      <Filter>Scripts</Filter>
    </ClCompile>
    <ClCompile Include="TileMovementComponent.cpp">
      <Filter>Components</Filter>
    </ClCompile>
    <ClCompile Include="Coily.cpp">
      <Filter>Scripts</Filter>
    </ClCompile>
    <ClCompile Include="CoilyAIComponent.cpp">
      <Filter>Components</Filter>
    </ClCompile>
    <ClCompile Include="PlayerControllerComponent.cpp">
      <Filter>Components</Filter>
    </ClCompile>
  </ItemGroup>
  <ItemGroup>
    <ClInclude Include="Game.h">
      <Filter>Source Files</Filter>
    </ClInclude>
    <ClInclude Include="MainMenuScene.h">
      <Filter>Scenes</Filter>
    </ClInclude>
    <ClInclude Include="GameScene.h">
      <Filter>Scenes</Filter>
    </ClInclude>
    <ClInclude Include="GameArena.h">
      <Filter>Scripts</Filter>
    </ClInclude>
    <ClInclude Include="JsonParser.h">
      <Filter>Helpers</Filter>
    </ClInclude>
    <ClInclude Include="ArenaTile.h">
      <Filter>Scripts</Filter>
    </ClInclude>
    <ClInclude Include="QBert.h">
      <Filter>Scripts</Filter>
    </ClInclude>
    <ClInclude Include="FlyingDisc.h">
      <Filter>Scripts</Filter>
    </ClInclude>
    <ClInclude Include="TileMovementComponent.h">
      <Filter>Components</Filter>
    </ClInclude>
    <ClInclude Include="Coily.h">
      <Filter>Scripts</Filter>
    </ClInclude>
    <ClInclude Include="CoilyAIComponent.h">
      <Filter>Components</Filter>
    </ClInclude>
    <ClInclude Include="PlayerControllerComponent.h">
      <Filter>Components</Filter>
    </ClInclude>
  </ItemGroup>
</Project>