<?xml version="1.0" encoding="utf-8"?>
<Project ToolsVersion="4.0" xmlns="http://schemas.microsoft.com/developer/msbuild/2003">
  <ItemGroup>
    <Filter Include="Source Files">
      <UniqueIdentifier>{4FC737F1-C7A5-4376-A066-2A32D752A2FF}</UniqueIdentifier>
      <Extensions>cpp;c;cc;cxx;def;odl;idl;hpj;bat;asm;asmx</Extensions>
    </Filter>
    <Filter Include="Resource Files">
      <UniqueIdentifier>{67DA6AB6-F800-4c08-8B7A-83BB121AAD01}</UniqueIdentifier>
      <Extensions>rc;ico;cur;bmp;dlg;rc2;rct;bin;rgs;gif;jpg;jpeg;jpe;resx;tiff;tif;png;wav;mfcribbon-ms</Extensions>
    </Filter>
    <Filter Include="Source Files\Components">
      <UniqueIdentifier>{7dda6d92-2653-4704-b24e-6ff77c206142}</UniqueIdentifier>
    </Filter>
    <Filter Include="Source Files\GameObjects">
      <UniqueIdentifier>{2bc2dfd8-da3d-4139-b9a3-e64eca54cd36}</UniqueIdentifier>
    </Filter>
    <Filter Include="Source Files\Scenes">
      <UniqueIdentifier>{df2c3edc-cee9-43d4-88e3-d47f2368af73}</UniqueIdentifier>
    </Filter>
    <Filter Include="Source Files\Components\Rendering">
      <UniqueIdentifier>{6198c45d-8bdc-453d-a2e1-859793c251c2}</UniqueIdentifier>
    </Filter>
    <Filter Include="Source Files\Input">
      <UniqueIdentifier>{32351424-36ce-4686-8451-80ad2051d778}</UniqueIdentifier>
    </Filter>
    <Filter Include="Source Files\Singletons">
      <UniqueIdentifier>{399a86e5-7182-4f6b-8da7-cc06f2004024}</UniqueIdentifier>
    </Filter>
    <Filter Include="Source Files\Core">
      <UniqueIdentifier>{14a1828b-b01e-47df-acb7-813d641a07a7}</UniqueIdentifier>
    </Filter>
    <Filter Include="Source Files\Renderer">
      <UniqueIdentifier>{9f08c820-f375-4d7c-ba86-9bc0229aaa12}</UniqueIdentifier>
    </Filter>
    <Filter Include="Source Files\Structs">
      <UniqueIdentifier>{2a990522-90af-4c7f-b3a9-46a283a915d7}</UniqueIdentifier>
    </Filter>
    <Filter Include="Source Files\Components\Rendering\Text">
      <UniqueIdentifier>{52defb5c-6b38-4143-a160-eee346f36d73}</UniqueIdentifier>
    </Filter>
    <Filter Include="Source Files\Components\Rendering\Texture">
      <UniqueIdentifier>{dffef85e-74ab-4131-8b49-eb3e98ff52b9}</UniqueIdentifier>
    </Filter>
    <Filter Include="Source Files\ImgGUI">
      <UniqueIdentifier>{9384cfa9-572f-48ce-bdfa-fd987822bebd}</UniqueIdentifier>
    </Filter>
    <Filter Include="Source Files\Input\Commands">
      <UniqueIdentifier>{b23f5de1-1702-439d-9e2c-241612c3d065}</UniqueIdentifier>
    </Filter>
    <Filter Include="Source Files\Components\Rendering\ImGui">
      <UniqueIdentifier>{cc66a037-76e0-4c85-ba96-5855253f424d}</UniqueIdentifier>
    </Filter>
    <Filter Include="Source Files\Observers">
      <UniqueIdentifier>{fc87d715-3678-4ceb-8bc7-3a227cc43cae}</UniqueIdentifier>
    </Filter>
    <Filter Include="Source Files\Resources">
      <UniqueIdentifier>{c23e40e7-57c4-4ee9-b222-f6eea5ecdb10}</UniqueIdentifier>
    </Filter>
    <Filter Include="Source Files\Sound">
      <UniqueIdentifier>{8854b328-052e-4b83-9968-9db03d7fa9e8}</UniqueIdentifier>
    </Filter>
    <Filter Include="Source Files\FileParsing">
      <UniqueIdentifier>{0c1e41f7-c9ea-423a-b669-d4d99f1ea3e9}</UniqueIdentifier>
    </Filter>
  </ItemGroup>
  <ItemGroup>
    <ClInclude Include="Component.h">
      <Filter>Source Files\Components</Filter>
    </ClInclude>
    <ClInclude Include="GameObject.h">
      <Filter>Source Files\GameObjects</Filter>
    </ClInclude>
    <ClInclude Include="Scene.h">
      <Filter>Source Files\Scenes</Filter>
    </ClInclude>
    <ClInclude Include="SceneManager.h">
      <Filter>Source Files\Scenes</Filter>
    </ClInclude>
    <ClInclude Include="FPSComponent.h">
      <Filter>Source Files\Components\Rendering</Filter>
    </ClInclude>
    <ClInclude Include="RenderComponent.h">
      <Filter>Source Files\Components\Rendering</Filter>
    </ClInclude>
    <ClInclude Include="InputManager.h">
      <Filter>Source Files\Input</Filter>
    </ClInclude>
    <ClInclude Include="GameTime.h">
      <Filter>Source Files\Singletons</Filter>
    </ClInclude>
    <ClInclude Include="Minigin.h">
      <Filter>Source Files\Core</Filter>
    </ClInclude>
    <ClInclude Include="Renderer.h">
      <Filter>Source Files\Renderer</Filter>
    </ClInclude>
    <ClInclude Include="Singleton.h">
      <Filter>Source Files\Singletons</Filter>
    </ClInclude>
    <ClInclude Include="ResourceManager.h">
      <Filter>Source Files\Resources</Filter>
    </ClInclude>
    <ClInclude Include="structs.h">
      <Filter>Source Files\Structs</Filter>
    </ClInclude>
    <ClInclude Include="TextRenderComponent.h">
      <Filter>Source Files\Components\Rendering\Text</Filter>
    </ClInclude>
    <ClInclude Include="TextObject.h">
      <Filter>Source Files\Components\Rendering\Text</Filter>
    </ClInclude>
    <ClInclude Include="ImageRenderComponent.h">
      <Filter>Source Files\Components\Rendering\Texture</Filter>
    </ClInclude>
    <ClInclude Include="Texture2D.h">
      <Filter>Source Files\Components\Rendering\Texture</Filter>
    </ClInclude>
    <ClInclude Include="Font.h">
      <Filter>Source Files\Components\Rendering\Text</Filter>
    </ClInclude>
    <ClInclude Include="Transform.h">
      <Filter>Source Files\Components</Filter>
    </ClInclude>
    <ClInclude Include="..\3rdParty\imgui-1.81\imconfig.h">
      <Filter>Source Files\ImgGUI</Filter>
    </ClInclude>
    <ClInclude Include="..\3rdParty\imgui-1.81\imgui.h">
      <Filter>Source Files\ImgGUI</Filter>
    </ClInclude>
    <ClInclude Include="..\3rdParty\imgui-1.81\imgui_internal.h">
      <Filter>Source Files\ImgGUI</Filter>
    </ClInclude>
    <ClInclude Include="..\3rdParty\imgui-1.81\imstb_rectpack.h">
      <Filter>Source Files\ImgGUI</Filter>
    </ClInclude>
    <ClInclude Include="..\3rdParty\imgui-1.81\imstb_textedit.h">
      <Filter>Source Files\ImgGUI</Filter>
    </ClInclude>
    <ClInclude Include="..\3rdParty\imgui-1.81\imstb_truetype.h">
      <Filter>Source Files\ImgGUI</Filter>
    </ClInclude>
    <ClInclude Include="..\3rdParty\imgui-1.81\backends\imgui_impl_opengl2.h">
      <Filter>Source Files\ImgGUI</Filter>
    </ClInclude>
    <ClInclude Include="..\3rdParty\imgui-1.81\backends\imgui_impl_sdl.h">
      <Filter>Source Files\ImgGUI</Filter>
    </ClInclude>
    <ClInclude Include="MiniginPCH.h">
      <Filter>Source Files\Core</Filter>
    </ClInclude>
    <ClInclude Include="ImGuiComponent.h">
      <Filter>Source Files\Components\Rendering\ImGui</Filter>
    </ClInclude>
    <ClInclude Include="Command.h">
      <Filter>Source Files\Input\Commands</Filter>
    </ClInclude>
    <ClInclude Include="SuicideCommand.h">
      <Filter>Source Files\Input\Commands</Filter>
    </ClInclude>
    <ClInclude Include="Observer.h">
      <Filter>Source Files\Observers</Filter>
    </ClInclude>
    <ClInclude Include="HealthComponent.h">
      <Filter>Source Files\Components</Filter>
    </ClInclude>
    <ClInclude Include="VitalsObserver.h">
      <Filter>Source Files\Observers</Filter>
    </ClInclude>
    <ClInclude Include="ObserverManager.h">
      <Filter>Source Files\Observers</Filter>
    </ClInclude>
    <ClInclude Include="SoundSystem.h">
      <Filter>Source Files\Sound</Filter>
    </ClInclude>
    <ClInclude Include="ServiceLocator.h">
      <Filter>Source Files\Singletons</Filter>
    </ClInclude>
    <ClInclude Include="DaeAudio.h">
      <Filter>Source Files\Sound</Filter>
    </ClInclude>
    <ClInclude Include="BasicSoundSystem.h">
      <Filter>Source Files\Sound</Filter>
    </ClInclude>
    <ClInclude Include="NullSoundSystem.h">
      <Filter>Source Files\Sound</Filter>
    </ClInclude>
    <ClInclude Include="PlaySoundCommand.h">
      <Filter>Source Files\Input\Commands</Filter>
    </ClInclude>
    <ClInclude Include="LoggingSoundSystem.h">
      <Filter>Source Files\Sound</Filter>
    </ClInclude>
    <ClInclude Include="ChangeSoundSystemCommand.h">
      <Filter>Source Files\Input\Commands</Filter>
    </ClInclude>
    <ClInclude Include="InputComponent.h">
      <Filter>Source Files\Components</Filter>
    </ClInclude>
    <ClInclude Include="OpenGameSceneCommand.h">
      <Filter>Source Files\Input\Commands</Filter>
    </ClInclude>
    <ClInclude Include="CloseGameCommand.h">
      <Filter>Source Files\Input\Commands</Filter>
    </ClInclude>
    <ClInclude Include="EngineContext.h" />
    <ClInclude Include="helper.h">
      <Filter>Source Files\Structs</Filter>
    </ClInclude>
    <ClInclude Include="JsonReader.h">
      <Filter>Source Files\FileParsing</Filter>
    </ClInclude>
    <ClInclude Include="ComponentHolder.h">
      <Filter>Source Files\Components</Filter>
    </ClInclude>
    <ClInclude Include="Script.h">
      <Filter>Source Files\GameObjects</Filter>
    </ClInclude>
    <ClInclude Include="CustomCommand.h" />
  </ItemGroup>
  <ItemGroup>
    <ClCompile Include="Component.cpp">
      <Filter>Source Files\Components</Filter>
    </ClCompile>
    <ClCompile Include="GameObject.cpp">
      <Filter>Source Files\GameObjects</Filter>
    </ClCompile>
    <ClCompile Include="SceneManager.cpp">
      <Filter>Source Files\Scenes</Filter>
    </ClCompile>
    <ClCompile Include="Scene.cpp">
      <Filter>Source Files\Scenes</Filter>
    </ClCompile>
    <ClCompile Include="FPSComponent.cpp">
      <Filter>Source Files\Components\Rendering</Filter>
    </ClCompile>
    <ClCompile Include="RenderComponent.cpp">
      <Filter>Source Files\Components\Rendering</Filter>
    </ClCompile>
    <ClCompile Include="GameTime.cpp">
      <Filter>Source Files\Singletons</Filter>
    </ClCompile>
    <ClCompile Include="Minigin.cpp">
      <Filter>Source Files\Core</Filter>
    </ClCompile>
    <ClCompile Include="InputManager.cpp">
      <Filter>Source Files\Input</Filter>
    </ClCompile>
    <ClCompile Include="Renderer.cpp">
      <Filter>Source Files\Renderer</Filter>
    </ClCompile>
    <ClCompile Include="ResourceManager.cpp">
      <Filter>Source Files\Resources</Filter>
    </ClCompile>
    <ClCompile Include="TextRenderComponent.cpp">
      <Filter>Source Files\Components\Rendering\Text</Filter>
    </ClCompile>
    <ClCompile Include="TextObject.cpp">
      <Filter>Source Files\Components\Rendering\Text</Filter>
    </ClCompile>
    <ClCompile Include="ImageRenderComponent.cpp">
      <Filter>Source Files\Components\Rendering\Texture</Filter>
    </ClCompile>
    <ClCompile Include="Texture2D.cpp">
      <Filter>Source Files\Components\Rendering\Texture</Filter>
    </ClCompile>
    <ClCompile Include="Font.cpp">
      <Filter>Source Files\Components\Rendering\Text</Filter>
    </ClCompile>
    <ClCompile Include="Transform.cpp">
      <Filter>Source Files\Components</Filter>
    </ClCompile>
    <ClCompile Include="..\3rdParty\imgui-1.81\imgui.cpp">
      <Filter>Source Files\ImgGUI</Filter>
    </ClCompile>
    <ClCompile Include="..\3rdParty\imgui-1.81\imgui_demo.cpp">
      <Filter>Source Files\ImgGUI</Filter>
    </ClCompile>
    <ClCompile Include="..\3rdParty\imgui-1.81\imgui_draw.cpp">
      <Filter>Source Files\ImgGUI</Filter>
    </ClCompile>
    <ClCompile Include="..\3rdParty\imgui-1.81\imgui_tables.cpp">
      <Filter>Source Files\ImgGUI</Filter>
    </ClCompile>
    <ClCompile Include="..\3rdParty\imgui-1.81\imgui_widgets.cpp">
      <Filter>Source Files\ImgGUI</Filter>
    </ClCompile>
    <ClCompile Include="..\3rdParty\imgui-1.81\backends\imgui_impl_opengl2.cpp">
      <Filter>Source Files\ImgGUI</Filter>
    </ClCompile>
    <ClCompile Include="..\3rdParty\imgui-1.81\backends\imgui_impl_sdl.cpp">
      <Filter>Source Files\ImgGUI</Filter>
    </ClCompile>
    <ClCompile Include="MiniginPCH.cpp">
      <Filter>Source Files\Core</Filter>
    </ClCompile>
    <ClCompile Include="Main.cpp">
      <Filter>Source Files</Filter>
    </ClCompile>
    <ClCompile Include="ImGuiComponent.cpp">
      <Filter>Source Files\Components\Rendering\ImGui</Filter>
    </ClCompile>
    <ClCompile Include="Command.cpp">
      <Filter>Source Files\Input\Commands</Filter>
    </ClCompile>
    <ClCompile Include="SuicideCommand.cpp">
      <Filter>Source Files\Input\Commands</Filter>
    </ClCompile>
    <ClCompile Include="Observer.cpp">
      <Filter>Source Files\Observers</Filter>
    </ClCompile>
    <ClCompile Include="HealthComponent.cpp">
      <Filter>Source Files\Components</Filter>
    </ClCompile>
    <ClCompile Include="VitalsObserver.cpp">
      <Filter>Source Files\Observers</Filter>
    </ClCompile>
    <ClCompile Include="ObserverManager.cpp">
      <Filter>Source Files\Observers</Filter>
    </ClCompile>
    <ClCompile Include="SoundSystem.cpp">
      <Filter>Source Files\Sound</Filter>
    </ClCompile>
    <ClCompile Include="ServiceLocator.cpp">
      <Filter>Source Files\Singletons</Filter>
    </ClCompile>
    <ClCompile Include="DaeAudio.cpp">
      <Filter>Source Files\Sound</Filter>
    </ClCompile>
    <ClCompile Include="BasicSoundSystem.cpp">
      <Filter>Source Files\Sound</Filter>
    </ClCompile>
    <ClCompile Include="NullSoundSystem.cpp">
      <Filter>Source Files\Sound</Filter>
    </ClCompile>
    <ClCompile Include="PlaySoundCommand.cpp">
      <Filter>Source Files\Input\Commands</Filter>
    </ClCompile>
    <ClCompile Include="LoggingSoundSystem.cpp">
      <Filter>Source Files\Sound</Filter>
    </ClCompile>
    <ClCompile Include="ChangeSoundSystemCommand.cpp">
      <Filter>Source Files\Input\Commands</Filter>
    </ClCompile>
    <ClCompile Include="InputComponent.cpp">
      <Filter>Source Files\Components</Filter>
    </ClCompile>
    <ClCompile Include="OpenGameSceneCommand.cpp">
      <Filter>Source Files\Input\Commands</Filter>
    </ClCompile>
    <ClCompile Include="CloseGameCommand.cpp">
      <Filter>Source Files\Input\Commands</Filter>
    </ClCompile>
    <ClCompile Include="EngineContext.cpp">
      <Filter>Source Files</Filter>
    </ClCompile>
    <ClCompile Include="helper.cpp">
      <Filter>Source Files\Structs</Filter>
    </ClCompile>
    <ClCompile Include="JsonReader.cpp">
      <Filter>Source Files\FileParsing</Filter>
    </ClCompile>
    <ClCompile Include="ComponentHolder.cpp">
      <Filter>Source Files\Components</Filter>
    </ClCompile>
    <ClCompile Include="Script.cpp">
      <Filter>Source Files\GameObjects</Filter>
    </ClCompile>
    <ClCompile Include="CustomCommand.cpp">
      <Filter>Source Files</Filter>
    </ClCompile>
  </ItemGroup>
</Project>